{
  "version": 1,
  "dependencies": {
    "net10.0": {
      "Asp.Versioning.Mvc.ApiExplorer": {
        "type": "Direct",
        "requested": "[10.0.0, )",
        "resolved": "10.0.0",
        "contentHash": "H54UOpRoc4RmhQ4RA2lzDz43a/hAu/JN19Yyy/DNmH4XlRxhemfhifJyh9BaXNJOtGa2Dnu2xEeP4VSiTdUdAg==",
        "dependencies": {
          "Asp.Versioning.Mvc": "10.0.0"
        }
      },
      "Microsoft.CodeAnalysis.NetAnalyzers": {
        "type": "Direct",
        "requested": "[9.0.0, )",
        "resolved": "9.0.0",
        "contentHash": "JajbvkrBgtdRghavIjcJuNHMOja4lqBmEezbhZyqWPYh2cpLhT5mPpfC7NQVDO4IehWQum9t/nwF4v+qQGtYWg=="
      },
      "Shoko.Abstractions": {
        "type": "Direct",
        "requested": "[6.0.0-alpha.77, )",
        "resolved": "6.0.0-alpha.77",
        "contentHash": "Z4Iy42YQTW/nd+Ioz3UTCopHrgOO6yEBnAFmMTFkmep/RjnXCID4+c2sjHD8iC7Uf813CbUOgAQa2eB12h08iQ==",
        "dependencies": {
          "NJsonSchema": "11.6.1",
          "Newtonsoft.Json": "13.0.4"
        }
      },
      "Asp.Versioning.Abstractions": {
        "type": "Transitive",
        "resolved": "10.0.0",
        "contentHash": "cMRE5nvNMfBgfkb0XFWst/7UtyXCjoAXnV0L4Scx4P9fcf0idgrj1Z0c+3ylsy01K4cOib7dKhCBfpg5z3r0Kg=="
      },
      "Asp.Versioning.Http": {
        "type": "Transitive",
        "resolved": "10.0.0",
        "contentHash": "xmNm9FM2d20NKy7i1osEQysf7pJ4iJjWnM6e8CoeIhUREqG8nugsfC82pGpmzlatjAJL5T52ieSpyW+GFdSsSQ==",
        "dependencies": {
          "Asp.Versioning.Abstractions": "10.0.0"
        }
      },
      "Asp.Versioning.Mvc": {
        "type": "Transitive",
        "resolved": "10.0.0",
        "contentHash": "W0wZ+0uZ0UK4KstjvEkNBZ0xxhBmxunwNg8582SVyyW7txQmSXibtm8fC4o82LaemPquYskms67bIbJOSrnlug==",
        "dependencies": {
          "Asp.Versioning.Http": "10.0.0"
        }
      },
      "Namotion.Reflection": {
        "type": "Transitive",
        "resolved": "3.5.0",
        "contentHash": "FnASiAaTGSmB4SaSroIwnK4ph9noFIXZpPOMezDqWw5S/TNakzSnawPeM7u0Auq1/EqJXeqG4s6UjfrGBH33Ow=="
      },
      "Newtonsoft.Json": {
        "type": "Transitive",
        "resolved": "13.0.4",
        "contentHash": "pdgNNMai3zv51W5aq268sujXUyx7SNdE2bj1wZcWjAQrKMFZV260lbqYop1d2GM67JI1huLRwxo9ZqnfF/lC6A=="
      },
      "NJsonSchema": {
        "type": "Transitive",
        "resolved": "11.6.1",
        "contentHash": "miqvNY4OSXCWVqaMqt0A8VUkij0UH1oPosHMLP+t6/nWNSSzWDPmm7G2DjVW7M9evy0x5DE2pS/DDTtKCpbzSQ==",
        "dependencies": {
          "NJsonSchema.Annotations": "11.6.1",
          "Namotion.Reflection": "3.5.0",
          "Newtonsoft.Json": "13.0.3"
        }
      },
      "NJsonSchema.Annotations": {
        "type": "Transitive",
        "resolved": "11.6.1",
        "contentHash": "WA4z8iK+0SOh2/qoo7rtEanj/LjJZ8oWWoXI8u1xcYMk6VzHONqpabJBYGrzqDO41ld+VQHOFL+B8MXncIVSSA=="
      }
    }
  }
}